
Microsoft Visual Studio Solution File, Format Version 12.00
# Visual Studio 15
Project("{FAE04EC0-301F-11D3-BF4B-00C04F79EFBC}") = "Assembly-CSharp", "Assembly-CSharp.csproj", "{CF60E1BA-A6E1-23BD-400B-456672A61709}"
EndProject
Project("{FAE04EC0-301F-11D3-BF4B-00C04F79EFBC}") = "Assembly-CSharp-Editor", "Assembly-CSharp-Editor.csproj", "{B72C45CC-69FB-6356-6ECB-3E0BF1045EFC}"
EndProject
Global
	GlobalSection(SolutionConfigurationPlatforms) = preSolution
		Debug|Any CPU = Debug|Any CPU
		Release|Any CPU = Release|Any CPU
	EndGlobalSection
	GlobalSection(ProjectConfigurationPlatforms) = postSolution
		{CF60E1BA-A6E1-23BD-400B-456672A61709}.Debug|Any CPU.ActiveCfg = Debug|Any CPU
		{CF60E1BA-A6E1-23BD-400B-456672A61709}.Debug|Any CPU.Build.0 = Debug|Any CPU
		{CF60E1BA-A6E1-23BD-400B-456672A61709}.Release|Any CPU.ActiveCfg = Release|Any CPU
		{CF60E1BA-A6E1-23BD-400B-456672A61709}.Release|Any CPU.Build.0 = Release|Any CPU
		{B72C45CC-69FB-6356-6ECB-3E0BF1045EFC}.Debug|Any CPU.ActiveCfg = Debug|Any CPU
		{B72C45CC-69FB-6356-6ECB-3E0BF1045EFC}.Debug|Any CPU.Build.0 = Debug|Any CPU
		{B72C45CC-69FB-6356-6ECB-3E0BF1045EFC}.Release|Any CPU.ActiveCfg = Release|Any CPU
		{B72C45CC-69FB-6356-6ECB-3E0BF1045EFC}.Release|Any CPU.Build.0 = Release|Any CPU
	EndGlobalSection
	GlobalSection(SolutionProperties) = preSolution
		HideSolutionNode = FALSE
	EndGlobalSection
	GlobalSection(MonoDevelopProperties) = preSolution
		StartupItem = Assembly-CSharp.csproj
	EndGlobalSection
EndGlobal
